
Microsoft Visual Studio Solution File, Format Version 12.00
# Visual Studio 14
VisualStudioVersion = 14.0.25123.0
MinimumVisualStudioVersion = 10.0.40219.1
Project("{FAE04EC0-301F-11D3-BF4B-00C04F79EFBC}") = "DistinguishingViewsWithID.Droid", "DistinguishingViewsWithID\DistinguishingViewsWithID.Droid\DistinguishingViewsWithID.Droid.csproj", "{2EDFB34E-F2D2-4F77-ADF5-33170D86581C}"
EndProject
Project("{FAE04EC0-301F-11D3-BF4B-00C04F79EFBC}") = "DistinguishingViewsWithID.iOS", "DistinguishingViewsWithID\DistinguishingViewsWithID.iOS\DistinguishingViewsWithID.iOS.csproj", "{8BEB2AF1-F316-4C81-A8C1-B5424F4CE499}"
EndProject
Project("{FAE04EC0-301F-11D3-BF4B-00C04F79EFBC}") = "DistinguishingViewsWithID.WinPhone", "DistinguishingViewsWithID\DistinguishingViewsWithID.WinPhone\DistinguishingViewsWithID.WinPhone.csproj", "{4E64AB15-6955-46CF-9D0A-290605059AF3}"
EndProject
Project("{FAE04EC0-301F-11D3-BF4B-00C04F79EFBC}") = "DistinguishingViewsWithID.UWP", "DistinguishingViewsWithID\DistinguishingViewsWithID.UWP\DistinguishingViewsWithID.UWP.csproj", "{9A1A4D50-86B5-4CB1-94B7-776950A23C9D}"
EndProject
Project("{FAE04EC0-301F-11D3-BF4B-00C04F79EFBC}") = "DistinguishingViewsWithID.Windows", "DistinguishingViewsWithID\DistinguishingViewsWithID.Windows\DistinguishingViewsWithID.Windows.csproj", "{54B47DDE-BC6B-4977-B453-3C48C750B1E2}"
EndProject
Project("{FAE04EC0-301F-11D3-BF4B-00C04F79EFBC}") = "DistinguishingViewsWithID", "DistinguishingViewsWithID\DistinguishingViewsWithID\DistinguishingViewsWithID.csproj", "{705C72D7-83DC-4679-8E63-5931BF874747}"
EndProject
Global
	GlobalSection(SolutionConfigurationPlatforms) = preSolution
		Ad-Hoc|Any CPU = Ad-Hoc|Any CPU
		Ad-Hoc|ARM = Ad-Hoc|ARM
		Ad-Hoc|iPhone = Ad-Hoc|iPhone
		Ad-Hoc|iPhoneSimulator = Ad-Hoc|iPhoneSimulator
		Ad-Hoc|x64 = Ad-Hoc|x64
		Ad-Hoc|x86 = Ad-Hoc|x86
		AppStore|Any CPU = AppStore|Any CPU
		AppStore|ARM = AppStore|ARM
		AppStore|iPhone = AppStore|iPhone
		AppStore|iPhoneSimulator = AppStore|iPhoneSimulator
		AppStore|x64 = AppStore|x64
		AppStore|x86 = AppStore|x86
		Debug|Any CPU = Debug|Any CPU
		Debug|ARM = Debug|ARM
		Debug|iPhone = Debug|iPhone
		Debug|iPhoneSimulator = Debug|iPhoneSimulator
		Debug|x64 = Debug|x64
		Debug|x86 = Debug|x86
		Release|Any CPU = Release|Any CPU
		Release|ARM = Release|ARM
		Release|iPhone = Release|iPhone
		Release|iPhoneSimulator = Release|iPhoneSimulator
		Release|x64 = Release|x64
		Release|x86 = Release|x86
	EndGlobalSection
	GlobalSection(ProjectConfigurationPlatforms) = postSolution
		{2EDFB34E-F2D2-4F77-ADF5-33170D86581C}.Ad-Hoc|Any CPU.ActiveCfg = Release|Any CPU
		{2EDFB34E-F2D2-4F77-ADF5-33170D86581C}.Ad-Hoc|Any CPU.Build.0 = Release|Any CPU
		{2EDFB34E-F2D2-4F77-ADF5-33170D86581C}.Ad-Hoc|Any CPU.Deploy.0 = Release|Any CPU
		{2EDFB34E-F2D2-4F77-ADF5-33170D86581C}.Ad-Hoc|ARM.ActiveCfg = Release|Any CPU
		{2EDFB34E-F2D2-4F77-ADF5-33170D86581C}.Ad-Hoc|ARM.Build.0 = Release|Any CPU
		{2EDFB34E-F2D2-4F77-ADF5-33170D86581C}.Ad-Hoc|ARM.Deploy.0 = Release|Any CPU
		{2EDFB34E-F2D2-4F77-ADF5-33170D86581C}.Ad-Hoc|iPhone.ActiveCfg = Release|Any CPU
		{2EDFB34E-F2D2-4F77-ADF5-33170D86581C}.Ad-Hoc|iPhone.Build.0 = Release|Any CPU
		{2EDFB34E-F2D2-4F77-ADF5-33170D86581C}.Ad-Hoc|iPhone.Deploy.0 = Release|Any CPU
		{2EDFB34E-F2D2-4F77-ADF5-33170D86581C}.Ad-Hoc|iPhoneSimulator.ActiveCfg = Release|Any CPU
		{2EDFB34E-F2D2-4F77-ADF5-33170D86581C}.Ad-Hoc|iPhoneSimulator.Build.0 = Release|Any CPU
		{2EDFB34E-F2D2-4F77-ADF5-33170D86581C}.Ad-Hoc|iPhoneSimulator.Deploy.0 = Release|Any CPU
		{2EDFB34E-F2D2-4F77-ADF5-33170D86581C}.Ad-Hoc|x64.ActiveCfg = Release|Any CPU
		{2EDFB34E-F2D2-4F77-ADF5-33170D86581C}.Ad-Hoc|x64.Build.0 = Release|Any CPU
		{2EDFB34E-F2D2-4F77-ADF5-33170D86581C}.Ad-Hoc|x64.Deploy.0 = Release|Any CPU
		{2EDFB34E-F2D2-4F77-ADF5-33170D86581C}.Ad-Hoc|x86.ActiveCfg = Release|Any CPU
		{2EDFB34E-F2D2-4F77-ADF5-33170D86581C}.Ad-Hoc|x86.Build.0 = Release|Any CPU
		{2EDFB34E-F2D2-4F77-ADF5-33170D86581C}.Ad-Hoc|x86.Deploy.0 = Release|Any CPU
		{2EDFB34E-F2D2-4F77-ADF5-33170D86581C}.AppStore|Any CPU.ActiveCfg = Release|Any CPU
		{2EDFB34E-F2D2-4F77-ADF5-33170D86581C}.AppStore|Any CPU.Build.0 = Release|Any CPU
		{2EDFB34E-F2D2-4F77-ADF5-33170D86581C}.AppStore|Any CPU.Deploy.0 = Release|Any CPU
		{2EDFB34E-F2D2-4F77-ADF5-33170D86581C}.AppStore|ARM.ActiveCfg = Release|Any CPU
		{2EDFB34E-F2D2-4F77-ADF5-33170D86581C}.AppStore|ARM.Build.0 = Release|Any CPU
		{2EDFB34E-F2D2-4F77-ADF5-33170D86581C}.AppStore|ARM.Deploy.0 = Release|Any CPU
		{2EDFB34E-F2D2-4F77-ADF5-33170D86581C}.AppStore|iPhone.ActiveCfg = Release|Any CPU
		{2EDFB34E-F2D2-4F77-ADF5-33170D86581C}.AppStore|iPhone.Build.0 = Release|Any CPU
		{2EDFB34E-F2D2-4F77-ADF5-33170D86581C}.AppStore|iPhone.Deploy.0 = Release|Any CPU
		{2EDFB34E-F2D2-4F77-ADF5-33170D86581C}.AppStore|iPhoneSimulator.ActiveCfg = Release|Any CPU
		{2EDFB34E-F2D2-4F77-ADF5-33170D86581C}.AppStore|iPhoneSimulator.Build.0 = Release|Any CPU
		{2EDFB34E-F2D2-4F77-ADF5-33170D86581C}.AppStore|iPhoneSimulator.Deploy.0 = Release|Any CPU
		{2EDFB34E-F2D2-4F77-ADF5-33170D86581C}.AppStore|x64.ActiveCfg = Release|Any CPU
		{2EDFB34E-F2D2-4F77-ADF5-33170D86581C}.AppStore|x64.Build.0 = Release|Any CPU
		{2EDFB34E-F2D2-4F77-ADF5-33170D86581C}.AppStore|x64.Deploy.0 = Release|Any CPU
		{2EDFB34E-F2D2-4F77-ADF5-33170D86581C}.AppStore|x86.ActiveCfg = Release|Any CPU
		{2EDFB34E-F2D2-4F77-ADF5-33170D86581C}.AppStore|x86.Build.0 = Release|Any CPU
		{2EDFB34E-F2D2-4F77-ADF5-33170D86581C}.AppStore|x86.Deploy.0 = Release|Any CPU
		{2EDFB34E-F2D2-4F77-ADF5-33170D86581C}.Debug|Any CPU.ActiveCfg = Debug|Any CPU
		{2EDFB34E-F2D2-4F77-ADF5-33170D86581C}.Debug|Any CPU.Build.0 = Debug|Any CPU
		{2EDFB34E-F2D2-4F77-ADF5-33170D86581C}.Debug|Any CPU.Deploy.0 = Debug|Any CPU
		{2EDFB34E-F2D2-4F77-ADF5-33170D86581C}.Debug|ARM.ActiveCfg = Debug|Any CPU
		{2EDFB34E-F2D2-4F77-ADF5-33170D86581C}.Debug|ARM.Build.0 = Debug|Any CPU
		{2EDFB34E-F2D2-4F77-ADF5-33170D86581C}.Debug|ARM.Deploy.0 = Debug|Any CPU
		{2EDFB34E-F2D2-4F77-ADF5-33170D86581C}.Debug|iPhone.ActiveCfg = Debug|Any CPU
		{2EDFB34E-F2D2-4F77-ADF5-33170D86581C}.Debug|iPhone.Build.0 = Debug|Any CPU
		{2EDFB34E-F2D2-4F77-ADF5-33170D86581C}.Debug|iPhone.Deploy.0 = Debug|Any CPU
		{2EDFB34E-F2D2-4F77-ADF5-33170D86581C}.Debug|iPhoneSimulator.ActiveCfg = Debug|Any CPU
		{2EDFB34E-F2D2-4F77-ADF5-33170D86581C}.Debug|iPhoneSimulator.Build.0 = Debug|Any CPU
		{2EDFB34E-F2D2-4F77-ADF5-33170D86581C}.Debug|iPhoneSimulator.Deploy.0 = Debug|Any CPU
		{2EDFB34E-F2D2-4F77-ADF5-33170D86581C}.Debug|x64.ActiveCfg = Debug|Any CPU
		{2EDFB34E-F2D2-4F77-ADF5-33170D86581C}.Debug|x64.Build.0 = Debug|Any CPU
		{2EDFB34E-F2D2-4F77-ADF5-33170D86581C}.Debug|x64.Deploy.0 = Debug|Any CPU
		{2EDFB34E-F2D2-4F77-ADF5-33170D86581C}.Debug|x86.ActiveCfg = Debug|Any CPU
		{2EDFB34E-F2D2-4F77-ADF5-33170D86581C}.Debug|x86.Build.0 = Debug|Any CPU
		{2EDFB34E-F2D2-4F77-ADF5-33170D86581C}.Debug|x86.Deploy.0 = Debug|Any CPU
		{2EDFB34E-F2D2-4F77-ADF5-33170D86581C}.Release|Any CPU.ActiveCfg = Release|Any CPU
		{2EDFB34E-F2D2-4F77-ADF5-33170D86581C}.Release|Any CPU.Build.0 = Release|Any CPU
		{2EDFB34E-F2D2-4F77-ADF5-33170D86581C}.Release|Any CPU.Deploy.0 = Release|Any CPU
		{2EDFB34E-F2D2-4F77-ADF5-33170D86581C}.Release|ARM.ActiveCfg = Release|Any CPU
		{2EDFB34E-F2D2-4F77-ADF5-33170D86581C}.Release|ARM.Build.0 = Release|Any CPU
		{2EDFB34E-F2D2-4F77-ADF5-33170D86581C}.Release|ARM.Deploy.0 = Release|Any CPU
		{2EDFB34E-F2D2-4F77-ADF5-33170D86581C}.Release|iPhone.ActiveCfg = Release|Any CPU
		{2EDFB34E-F2D2-4F77-ADF5-33170D86581C}.Release|iPhone.Build.0 = Release|Any CPU
		{2EDFB34E-F2D2-4F77-ADF5-33170D86581C}.Release|iPhone.Deploy.0 = Release|Any CPU
		{2EDFB34E-F2D2-4F77-ADF5-33170D86581C}.Release|iPhoneSimulator.ActiveCfg = Release|Any CPU
		{2EDFB34E-F2D2-4F77-ADF5-33170D86581C}.Release|iPhoneSimulator.Build.0 = Release|Any CPU
		{2EDFB34E-F2D2-4F77-ADF5-33170D86581C}.Release|iPhoneSimulator.Deploy.0 = Release|Any CPU
		{2EDFB34E-F2D2-4F77-ADF5-33170D86581C}.Release|x64.ActiveCfg = Release|Any CPU
		{2EDFB34E-F2D2-4F77-ADF5-33170D86581C}.Release|x64.Build.0 = Release|Any CPU
		{2EDFB34E-F2D2-4F77-ADF5-33170D86581C}.Release|x64.Deploy.0 = Release|Any CPU
		{2EDFB34E-F2D2-4F77-ADF5-33170D86581C}.Release|x86.ActiveCfg = Release|Any CPU
		{2EDFB34E-F2D2-4F77-ADF5-33170D86581C}.Release|x86.Build.0 = Release|Any CPU
		{2EDFB34E-F2D2-4F77-ADF5-33170D86581C}.Release|x86.Deploy.0 = Release|Any CPU
		{8BEB2AF1-F316-4C81-A8C1-B5424F4CE499}.Ad-Hoc|Any CPU.ActiveCfg = Ad-Hoc|iPhone
		{8BEB2AF1-F316-4C81-A8C1-B5424F4CE499}.Ad-Hoc|ARM.ActiveCfg = Ad-Hoc|iPhone
		{8BEB2AF1-F316-4C81-A8C1-B5424F4CE499}.Ad-Hoc|iPhone.ActiveCfg = Ad-Hoc|iPhone
		{8BEB2AF1-F316-4C81-A8C1-B5424F4CE499}.Ad-Hoc|iPhone.Build.0 = Ad-Hoc|iPhone
		{8BEB2AF1-F316-4C81-A8C1-B5424F4CE499}.Ad-Hoc|iPhoneSimulator.ActiveCfg = Ad-Hoc|iPhoneSimulator
		{8BEB2AF1-F316-4C81-A8C1-B5424F4CE499}.Ad-Hoc|iPhoneSimulator.Build.0 = Ad-Hoc|iPhoneSimulator
		{8BEB2AF1-F316-4C81-A8C1-B5424F4CE499}.Ad-Hoc|x64.ActiveCfg = Ad-Hoc|iPhone
		{8BEB2AF1-F316-4C81-A8C1-B5424F4CE499}.Ad-Hoc|x86.ActiveCfg = Ad-Hoc|iPhone
		{8BEB2AF1-F316-4C81-A8C1-B5424F4CE499}.AppStore|Any CPU.ActiveCfg = AppStore|iPhone
		{8BEB2AF1-F316-4C81-A8C1-B5424F4CE499}.AppStore|ARM.ActiveCfg = AppStore|iPhone
		{8BEB2AF1-F316-4C81-A8C1-B5424F4CE499}.AppStore|iPhone.ActiveCfg = AppStore|iPhone
		{8BEB2AF1-F316-4C81-A8C1-B5424F4CE499}.AppStore|iPhone.Build.0 = AppStore|iPhone
		{8BEB2AF1-F316-4C81-A8C1-B5424F4CE499}.AppStore|iPhoneSimulator.ActiveCfg = AppStore|iPhoneSimulator
		{8BEB2AF1-F316-4C81-A8C1-B5424F4CE499}.AppStore|iPhoneSimulator.Build.0 = AppStore|iPhoneSimulator
		{8BEB2AF1-F316-4C81-A8C1-B5424F4CE499}.AppStore|x64.ActiveCfg = AppStore|iPhone
		{8BEB2AF1-F316-4C81-A8C1-B5424F4CE499}.AppStore|x86.ActiveCfg = AppStore|iPhone
		{8BEB2AF1-F316-4C81-A8C1-B5424F4CE499}.Debug|Any CPU.ActiveCfg = Debug|iPhone
		{8BEB2AF1-F316-4C81-A8C1-B5424F4CE499}.Debug|Any CPU.Build.0 = Debug|iPhone
		{8BEB2AF1-F316-4C81-A8C1-B5424F4CE499}.Debug|ARM.ActiveCfg = Debug|iPhone
		{8BEB2AF1-F316-4C81-A8C1-B5424F4CE499}.Debug|iPhone.ActiveCfg = Debug|iPhone
		{8BEB2AF1-F316-4C81-A8C1-B5424F4CE499}.Debug|iPhone.Build.0 = Debug|iPhone
		{8BEB2AF1-F316-4C81-A8C1-B5424F4CE499}.Debug|iPhoneSimulator.ActiveCfg = Debug|iPhoneSimulator
		{8BEB2AF1-F316-4C81-A8C1-B5424F4CE499}.Debug|iPhoneSimulator.Build.0 = Debug|iPhoneSimulator
		{8BEB2AF1-F316-4C81-A8C1-B5424F4CE499}.Debug|x64.ActiveCfg = Debug|iPhone
		{8BEB2AF1-F316-4C81-A8C1-B5424F4CE499}.Debug|x86.ActiveCfg = Debug|iPhone
		{8BEB2AF1-F316-4C81-A8C1-B5424F4CE499}.Release|Any CPU.ActiveCfg = Release|iPhone
		{8BEB2AF1-F316-4C81-A8C1-B5424F4CE499}.Release|ARM.ActiveCfg = Release|iPhone
		{8BEB2AF1-F316-4C81-A8C1-B5424F4CE499}.Release|iPhone.ActiveCfg = Release|iPhone
		{8BEB2AF1-F316-4C81-A8C1-B5424F4CE499}.Release|iPhone.Build.0 = Release|iPhone
		{8BEB2AF1-F316-4C81-A8C1-B5424F4CE499}.Release|iPhoneSimulator.ActiveCfg = Release|iPhoneSimulator
		{8BEB2AF1-F316-4C81-A8C1-B5424F4CE499}.Release|iPhoneSimulator.Build.0 = Release|iPhoneSimulator
		{8BEB2AF1-F316-4C81-A8C1-B5424F4CE499}.Release|x64.ActiveCfg = Release|iPhone
		{8BEB2AF1-F316-4C81-A8C1-B5424F4CE499}.Release|x86.ActiveCfg = Release|iPhone
		{4E64AB15-6955-46CF-9D0A-290605059AF3}.Ad-Hoc|Any CPU.ActiveCfg = Release|Any CPU
		{4E64AB15-6955-46CF-9D0A-290605059AF3}.Ad-Hoc|Any CPU.Build.0 = Release|Any CPU
		{4E64AB15-6955-46CF-9D0A-290605059AF3}.Ad-Hoc|Any CPU.Deploy.0 = Release|Any CPU
		{4E64AB15-6955-46CF-9D0A-290605059AF3}.Ad-Hoc|ARM.ActiveCfg = Release|ARM
		{4E64AB15-6955-46CF-9D0A-290605059AF3}.Ad-Hoc|ARM.Build.0 = Release|ARM
		{4E64AB15-6955-46CF-9D0A-290605059AF3}.Ad-Hoc|ARM.Deploy.0 = Release|ARM
		{4E64AB15-6955-46CF-9D0A-290605059AF3}.Ad-Hoc|iPhone.ActiveCfg = Release|Any CPU
		{4E64AB15-6955-46CF-9D0A-290605059AF3}.Ad-Hoc|iPhone.Build.0 = Release|Any CPU
		{4E64AB15-6955-46CF-9D0A-290605059AF3}.Ad-Hoc|iPhone.Deploy.0 = Release|Any CPU
		{4E64AB15-6955-46CF-9D0A-290605059AF3}.Ad-Hoc|iPhoneSimulator.ActiveCfg = Release|Any CPU
		{4E64AB15-6955-46CF-9D0A-290605059AF3}.Ad-Hoc|iPhoneSimulator.Build.0 = Release|Any CPU
		{4E64AB15-6955-46CF-9D0A-290605059AF3}.Ad-Hoc|iPhoneSimulator.Deploy.0 = Release|Any CPU
		{4E64AB15-6955-46CF-9D0A-290605059AF3}.Ad-Hoc|x64.ActiveCfg = Release|Any CPU
		{4E64AB15-6955-46CF-9D0A-290605059AF3}.Ad-Hoc|x64.Build.0 = Release|Any CPU
		{4E64AB15-6955-46CF-9D0A-290605059AF3}.Ad-Hoc|x64.Deploy.0 = Release|Any CPU
		{4E64AB15-6955-46CF-9D0A-290605059AF3}.Ad-Hoc|x86.ActiveCfg = Release|x86
		{4E64AB15-6955-46CF-9D0A-290605059AF3}.Ad-Hoc|x86.Build.0 = Release|x86
		{4E64AB15-6955-46CF-9D0A-290605059AF3}.Ad-Hoc|x86.Deploy.0 = Release|x86
		{4E64AB15-6955-46CF-9D0A-290605059AF3}.AppStore|Any CPU.ActiveCfg = Release|Any CPU
		{4E64AB15-6955-46CF-9D0A-290605059AF3}.AppStore|Any CPU.Build.0 = Release|Any CPU
		{4E64AB15-6955-46CF-9D0A-290605059AF3}.AppStore|Any CPU.Deploy.0 = Release|Any CPU
		{4E64AB15-6955-46CF-9D0A-290605059AF3}.AppStore|ARM.ActiveCfg = Release|ARM
		{4E64AB15-6955-46CF-9D0A-290605059AF3}.AppStore|ARM.Build.0 = Release|ARM
		{4E64AB15-6955-46CF-9D0A-290605059AF3}.AppStore|ARM.Deploy.0 = Release|ARM
		{4E64AB15-6955-46CF-9D0A-290605059AF3}.AppStore|iPhone.ActiveCfg = Release|Any CPU
		{4E64AB15-6955-46CF-9D0A-290605059AF3}.AppStore|iPhone.Build.0 = Release|Any CPU
		{4E64AB15-6955-46CF-9D0A-290605059AF3}.AppStore|iPhone.Deploy.0 = Release|Any CPU
		{4E64AB15-6955-46CF-9D0A-290605059AF3}.AppStore|iPhoneSimulator.ActiveCfg = Release|Any CPU
		{4E64AB15-6955-46CF-9D0A-290605059AF3}.AppStore|iPhoneSimulator.Build.0 = Release|Any CPU
		{4E64AB15-6955-46CF-9D0A-290605059AF3}.AppStore|iPhoneSimulator.Deploy.0 = Release|Any CPU
		{4E64AB15-6955-46CF-9D0A-290605059AF3}.AppStore|x64.ActiveCfg = Release|Any CPU
		{4E64AB15-6955-46CF-9D0A-290605059AF3}.AppStore|x64.Build.0 = Release|Any CPU
		{4E64AB15-6955-46CF-9D0A-290605059AF3}.AppStore|x64.Deploy.0 = Release|Any CPU
		{4E64AB15-6955-46CF-9D0A-290605059AF3}.AppStore|x86.ActiveCfg = Release|x86
		{4E64AB15-6955-46CF-9D0A-290605059AF3}.AppStore|x86.Build.0 = Release|x86
		{4E64AB15-6955-46CF-9D0A-290605059AF3}.AppStore|x86.Deploy.0 = Release|x86
		{4E64AB15-6955-46CF-9D0A-290605059AF3}.Debug|Any CPU.ActiveCfg = Debug|Any CPU
		{4E64AB15-6955-46CF-9D0A-290605059AF3}.Debug|Any CPU.Build.0 = Debug|Any CPU
		{4E64AB15-6955-46CF-9D0A-290605059AF3}.Debug|Any CPU.Deploy.0 = Debug|Any CPU
		{4E64AB15-6955-46CF-9D0A-290605059AF3}.Debug|ARM.ActiveCfg = Debug|ARM
		{4E64AB15-6955-46CF-9D0A-290605059AF3}.Debug|ARM.Build.0 = Debug|ARM
		{4E64AB15-6955-46CF-9D0A-290605059AF3}.Debug|ARM.Deploy.0 = Debug|ARM
		{4E64AB15-6955-46CF-9D0A-290605059AF3}.Debug|iPhone.ActiveCfg = Debug|Any CPU
		{4E64AB15-6955-46CF-9D0A-290605059AF3}.Debug|iPhone.Build.0 = Debug|Any CPU
		{4E64AB15-6955-46CF-9D0A-290605059AF3}.Debug|iPhone.Deploy.0 = Debug|Any CPU
		{4E64AB15-6955-46CF-9D0A-290605059AF3}.Debug|iPhoneSimulator.ActiveCfg = Debug|Any CPU
		{4E64AB15-6955-46CF-9D0A-290605059AF3}.Debug|iPhoneSimulator.Build.0 = Debug|Any CPU
		{4E64AB15-6955-46CF-9D0A-290605059AF3}.Debug|iPhoneSimulator.Deploy.0 = Debug|Any CPU
		{4E64AB15-6955-46CF-9D0A-290605059AF3}.Debug|x64.ActiveCfg = Debug|Any CPU
		{4E64AB15-6955-46CF-9D0A-290605059AF3}.Debug|x64.Build.0 = Debug|Any CPU
		{4E64AB15-6955-46CF-9D0A-290605059AF3}.Debug|x64.Deploy.0 = Debug|Any CPU
		{4E64AB15-6955-46CF-9D0A-290605059AF3}.Debug|x86.ActiveCfg = Debug|x86
		{4E64AB15-6955-46CF-9D0A-290605059AF3}.Debug|x86.Build.0 = Debug|x86
		{4E64AB15-6955-46CF-9D0A-290605059AF3}.Debug|x86.Deploy.0 = Debug|x86
		{4E64AB15-6955-46CF-9D0A-290605059AF3}.Release|Any CPU.ActiveCfg = Release|Any CPU
		{4E64AB15-6955-46CF-9D0A-290605059AF3}.Release|Any CPU.Build.0 = Release|Any CPU
		{4E64AB15-6955-46CF-9D0A-290605059AF3}.Release|Any CPU.Deploy.0 = Release|Any CPU
		{4E64AB15-6955-46CF-9D0A-290605059AF3}.Release|ARM.ActiveCfg = Release|ARM
		{4E64AB15-6955-46CF-9D0A-290605059AF3}.Release|ARM.Build.0 = Release|ARM
		{4E64AB15-6955-46CF-9D0A-290605059AF3}.Release|ARM.Deploy.0 = Release|ARM
		{4E64AB15-6955-46CF-9D0A-290605059AF3}.Release|iPhone.ActiveCfg = Release|Any CPU
		{4E64AB15-6955-46CF-9D0A-290605059AF3}.Release|iPhone.Build.0 = Release|Any CPU
		{4E64AB15-6955-46CF-9D0A-290605059AF3}.Release|iPhone.Deploy.0 = Release|Any CPU
		{4E64AB15-6955-46CF-9D0A-290605059AF3}.Release|iPhoneSimulator.ActiveCfg = Release|Any CPU
		{4E64AB15-6955-46CF-9D0A-290605059AF3}.Release|iPhoneSimulator.Build.0 = Release|Any CPU
		{4E64AB15-6955-46CF-9D0A-290605059AF3}.Release|iPhoneSimulator.Deploy.0 = Release|Any CPU
		{4E64AB15-6955-46CF-9D0A-290605059AF3}.Release|x64.ActiveCfg = Release|Any CPU
		{4E64AB15-6955-46CF-9D0A-290605059AF3}.Release|x64.Build.0 = Release|Any CPU
		{4E64AB15-6955-46CF-9D0A-290605059AF3}.Release|x64.Deploy.0 = Release|Any CPU
		{4E64AB15-6955-46CF-9D0A-290605059AF3}.Release|x86.ActiveCfg = Release|x86
		{4E64AB15-6955-46CF-9D0A-290605059AF3}.Release|x86.Build.0 = Release|x86
		{4E64AB15-6955-46CF-9D0A-290605059AF3}.Release|x86.Deploy.0 = Release|x86
		{9A1A4D50-86B5-4CB1-94B7-776950A23C9D}.Ad-Hoc|Any CPU.ActiveCfg = Release|x86
		{9A1A4D50-86B5-4CB1-94B7-776950A23C9D}.Ad-Hoc|Any CPU.Build.0 = Release|x86
		{9A1A4D50-86B5-4CB1-94B7-776950A23C9D}.Ad-Hoc|Any CPU.Deploy.0 = Release|x86
		{9A1A4D50-86B5-4CB1-94B7-776950A23C9D}.Ad-Hoc|ARM.ActiveCfg = Release|ARM
		{9A1A4D50-86B5-4CB1-94B7-776950A23C9D}.Ad-Hoc|ARM.Build.0 = Release|ARM
		{9A1A4D50-86B5-4CB1-94B7-776950A23C9D}.Ad-Hoc|ARM.Deploy.0 = Release|ARM
		{9A1A4D50-86B5-4CB1-94B7-776950A23C9D}.Ad-Hoc|iPhone.ActiveCfg = Release|x86
		{9A1A4D50-86B5-4CB1-94B7-776950A23C9D}.Ad-Hoc|iPhone.Build.0 = Release|x86
		{9A1A4D50-86B5-4CB1-94B7-776950A23C9D}.Ad-Hoc|iPhone.Deploy.0 = Release|x86
		{9A1A4D50-86B5-4CB1-94B7-776950A23C9D}.Ad-Hoc|iPhoneSimulator.ActiveCfg = Release|x86
		{9A1A4D50-86B5-4CB1-94B7-776950A23C9D}.Ad-Hoc|iPhoneSimulator.Build.0 = Release|x86
		{9A1A4D50-86B5-4CB1-94B7-776950A23C9D}.Ad-Hoc|iPhoneSimulator.Deploy.0 = Release|x86
		{9A1A4D50-86B5-4CB1-94B7-776950A23C9D}.Ad-Hoc|x64.ActiveCfg = Release|x64
		{9A1A4D50-86B5-4CB1-94B7-776950A23C9D}.Ad-Hoc|x64.Build.0 = Release|x64
		{9A1A4D50-86B5-4CB1-94B7-776950A23C9D}.Ad-Hoc|x64.Deploy.0 = Release|x64
		{9A1A4D50-86B5-4CB1-94B7-776950A23C9D}.Ad-Hoc|x86.ActiveCfg = Release|x86
		{9A1A4D50-86B5-4CB1-94B7-776950A23C9D}.Ad-Hoc|x86.Build.0 = Release|x86
		{9A1A4D50-86B5-4CB1-94B7-776950A23C9D}.Ad-Hoc|x86.Deploy.0 = Release|x86
		{9A1A4D50-86B5-4CB1-94B7-776950A23C9D}.AppStore|Any CPU.ActiveCfg = Release|x86
		{9A1A4D50-86B5-4CB1-94B7-776950A23C9D}.AppStore|Any CPU.Build.0 = Release|x86
		{9A1A4D50-86B5-4CB1-94B7-776950A23C9D}.AppStore|Any CPU.Deploy.0 = Release|x86
		{9A1A4D50-86B5-4CB1-94B7-776950A23C9D}.AppStore|ARM.ActiveCfg = Release|ARM
		{9A1A4D50-86B5-4CB1-94B7-776950A23C9D}.AppStore|ARM.Build.0 = Release|ARM
		{9A1A4D50-86B5-4CB1-94B7-776950A23C9D}.AppStore|ARM.Deploy.0 = Release|ARM
		{9A1A4D50-86B5-4CB1-94B7-776950A23C9D}.AppStore|iPhone.ActiveCfg = Release|x86
		{9A1A4D50-86B5-4CB1-94B7-776950A23C9D}.AppStore|iPhone.Build.0 = Release|x86
		{9A1A4D50-86B5-4CB1-94B7-776950A23C9D}.AppStore|iPhone.Deploy.0 = Release|x86
		{9A1A4D50-86B5-4CB1-94B7-776950A23C9D}.AppStore|iPhoneSimulator.ActiveCfg = Release|x86
		{9A1A4D50-86B5-4CB1-94B7-776950A23C9D}.AppStore|iPhoneSimulator.Build.0 = Release|x86
		{9A1A4D50-86B5-4CB1-94B7-776950A23C9D}.AppStore|iPhoneSimulator.Deploy.0 = Release|x86
		{9A1A4D50-86B5-4CB1-94B7-776950A23C9D}.AppStore|x64.ActiveCfg = Release|x64
		{9A1A4D50-86B5-4CB1-94B7-776950A23C9D}.AppStore|x64.Build.0 = Release|x64
		{9A1A4D50-86B5-4CB1-94B7-776950A23C9D}.AppStore|x64.Deploy.0 = Release|x64
		{9A1A4D50-86B5-4CB1-94B7-776950A23C9D}.AppStore|x86.ActiveCfg = Release|x86
		{9A1A4D50-86B5-4CB1-94B7-776950A23C9D}.AppStore|x86.Build.0 = Release|x86
		{9A1A4D50-86B5-4CB1-94B7-776950A23C9D}.AppStore|x86.Deploy.0 = Release|x86
		{9A1A4D50-86B5-4CB1-94B7-776950A23C9D}.Debug|Any CPU.ActiveCfg = Debug|x86
		{9A1A4D50-86B5-4CB1-94B7-776950A23C9D}.Debug|Any CPU.Build.0 = Debug|x86
		{9A1A4D50-86B5-4CB1-94B7-776950A23C9D}.Debug|Any CPU.Deploy.0 = Debug|x86
		{9A1A4D50-86B5-4CB1-94B7-776950A23C9D}.Debug|ARM.ActiveCfg = Debug|ARM
		{9A1A4D50-86B5-4CB1-94B7-776950A23C9D}.Debug|ARM.Build.0 = Debug|ARM
		{9A1A4D50-86B5-4CB1-94B7-776950A23C9D}.Debug|ARM.Deploy.0 = Debug|ARM
		{9A1A4D50-86B5-4CB1-94B7-776950A23C9D}.Debug|iPhone.ActiveCfg = Debug|x86
		{9A1A4D50-86B5-4CB1-94B7-776950A23C9D}.Debug|iPhoneSimulator.ActiveCfg = Debug|x86
		{9A1A4D50-86B5-4CB1-94B7-776950A23C9D}.Debug|x64.ActiveCfg = Debug|x64
		{9A1A4D50-86B5-4CB1-94B7-776950A23C9D}.Debug|x64.Build.0 = Debug|x64
		{9A1A4D50-86B5-4CB1-94B7-776950A23C9D}.Debug|x64.Deploy.0 = Debug|x64
		{9A1A4D50-86B5-4CB1-94B7-776950A23C9D}.Debug|x86.ActiveCfg = Debug|x86
		{9A1A4D50-86B5-4CB1-94B7-776950A23C9D}.Debug|x86.Build.0 = Debug|x86
		{9A1A4D50-86B5-4CB1-94B7-776950A23C9D}.Debug|x86.Deploy.0 = Debug|x86
		{9A1A4D50-86B5-4CB1-94B7-776950A23C9D}.Release|Any CPU.ActiveCfg = Release|x86
		{9A1A4D50-86B5-4CB1-94B7-776950A23C9D}.Release|ARM.ActiveCfg = Release|ARM
		{9A1A4D50-86B5-4CB1-94B7-776950A23C9D}.Release|ARM.Build.0 = Release|ARM
		{9A1A4D50-86B5-4CB1-94B7-776950A23C9D}.Release|ARM.Deploy.0 = Release|ARM
		{9A1A4D50-86B5-4CB1-94B7-776950A23C9D}.Release|iPhone.ActiveCfg = Release|x86
		{9A1A4D50-86B5-4CB1-94B7-776950A23C9D}.Release|iPhoneSimulator.ActiveCfg = Release|x86
		{9A1A4D50-86B5-4CB1-94B7-776950A23C9D}.Release|x64.ActiveCfg = Release|x64
		{9A1A4D50-86B5-4CB1-94B7-776950A23C9D}.Release|x64.Build.0 = Release|x64
		{9A1A4D50-86B5-4CB1-94B7-776950A23C9D}.Release|x64.Deploy.0 = Release|x64
		{9A1A4D50-86B5-4CB1-94B7-776950A23C9D}.Release|x86.ActiveCfg = Release|x86
		{9A1A4D50-86B5-4CB1-94B7-776950A23C9D}.Release|x86.Build.0 = Release|x86
		{9A1A4D50-86B5-4CB1-94B7-776950A23C9D}.Release|x86.Deploy.0 = Release|x86
		{54B47DDE-BC6B-4977-B453-3C48C750B1E2}.Ad-Hoc|Any CPU.ActiveCfg = Release|Any CPU
		{54B47DDE-BC6B-4977-B453-3C48C750B1E2}.Ad-Hoc|Any CPU.Build.0 = Release|Any CPU
		{54B47DDE-BC6B-4977-B453-3C48C750B1E2}.Ad-Hoc|Any CPU.Deploy.0 = Release|Any CPU
		{54B47DDE-BC6B-4977-B453-3C48C750B1E2}.Ad-Hoc|ARM.ActiveCfg = Release|ARM
		{54B47DDE-BC6B-4977-B453-3C48C750B1E2}.Ad-Hoc|ARM.Build.0 = Release|ARM
		{54B47DDE-BC6B-4977-B453-3C48C750B1E2}.Ad-Hoc|ARM.Deploy.0 = Release|ARM
		{54B47DDE-BC6B-4977-B453-3C48C750B1E2}.Ad-Hoc|iPhone.ActiveCfg = Release|Any CPU
		{54B47DDE-BC6B-4977-B453-3C48C750B1E2}.Ad-Hoc|iPhone.Build.0 = Release|Any CPU
		{54B47DDE-BC6B-4977-B453-3C48C750B1E2}.Ad-Hoc|iPhone.Deploy.0 = Release|Any CPU
		{54B47DDE-BC6B-4977-B453-3C48C750B1E2}.Ad-Hoc|iPhoneSimulator.ActiveCfg = Release|Any CPU
		{54B47DDE-BC6B-4977-B453-3C48C750B1E2}.Ad-Hoc|iPhoneSimulator.Build.0 = Release|Any CPU
		{54B47DDE-BC6B-4977-B453-3C48C750B1E2}.Ad-Hoc|iPhoneSimulator.Deploy.0 = Release|Any CPU
		{54B47DDE-BC6B-4977-B453-3C48C750B1E2}.Ad-Hoc|x64.ActiveCfg = Release|x64
		{54B47DDE-BC6B-4977-B453-3C48C750B1E2}.Ad-Hoc|x64.Build.0 = Release|x64
		{54B47DDE-BC6B-4977-B453-3C48C750B1E2}.Ad-Hoc|x64.Deploy.0 = Release|x64
		{54B47DDE-BC6B-4977-B453-3C48C750B1E2}.Ad-Hoc|x86.ActiveCfg = Release|x86
		{54B47DDE-BC6B-4977-B453-3C48C750B1E2}.Ad-Hoc|x86.Build.0 = Release|x86
		{54B47DDE-BC6B-4977-B453-3C48C750B1E2}.Ad-Hoc|x86.Deploy.0 = Release|x86
		{54B47DDE-BC6B-4977-B453-3C48C750B1E2}.AppStore|Any CPU.ActiveCfg = Release|Any CPU
		{54B47DDE-BC6B-4977-B453-3C48C750B1E2}.AppStore|Any CPU.Build.0 = Release|Any CPU
		{54B47DDE-BC6B-4977-B453-3C48C750B1E2}.AppStore|Any CPU.Deploy.0 = Release|Any CPU
		{54B47DDE-BC6B-4977-B453-3C48C750B1E2}.AppStore|ARM.ActiveCfg = Release|ARM
		{54B47DDE-BC6B-4977-B453-3C48C750B1E2}.AppStore|ARM.Build.0 = Release|ARM
		{54B47DDE-BC6B-4977-B453-3C48C750B1E2}.AppStore|ARM.Deploy.0 = Release|ARM
		{54B47DDE-BC6B-4977-B453-3C48C750B1E2}.AppStore|iPhone.ActiveCfg = Release|Any CPU
		{54B47DDE-BC6B-4977-B453-3C48C750B1E2}.AppStore|iPhone.Build.0 = Release|Any CPU
		{54B47DDE-BC6B-4977-B453-3C48C750B1E2}.AppStore|iPhone.Deploy.0 = Release|Any CPU
		{54B47DDE-BC6B-4977-B453-3C48C750B1E2}.AppStore|iPhoneSimulator.ActiveCfg = Release|Any CPU
		{54B47DDE-BC6B-4977-B453-3C48C750B1E2}.AppStore|iPhoneSimulator.Build.0 = Release|Any CPU
		{54B47DDE-BC6B-4977-B453-3C48C750B1E2}.AppStore|iPhoneSimulator.Deploy.0 = Release|Any CPU
		{54B47DDE-BC6B-4977-B453-3C48C750B1E2}.AppStore|x64.ActiveCfg = Release|x64
		{54B47DDE-BC6B-4977-B453-3C48C750B1E2}.AppStore|x64.Build.0 = Release|x64
		{54B47DDE-BC6B-4977-B453-3C48C750B1E2}.AppStore|x64.Deploy.0 = Release|x64
		{54B47DDE-BC6B-4977-B453-3C48C750B1E2}.AppStore|x86.ActiveCfg = Release|x86
		{54B47DDE-BC6B-4977-B453-3C48C750B1E2}.AppStore|x86.Build.0 = Release|x86
		{54B47DDE-BC6B-4977-B453-3C48C750B1E2}.AppStore|x86.Deploy.0 = Release|x86
		{54B47DDE-BC6B-4977-B453-3C48C750B1E2}.Debug|Any CPU.ActiveCfg = Debug|Any CPU
		{54B47DDE-BC6B-4977-B453-3C48C750B1E2}.Debug|Any CPU.Build.0 = Debug|Any CPU
		{54B47DDE-BC6B-4977-B453-3C48C750B1E2}.Debug|Any CPU.Deploy.0 = Debug|Any CPU
		{54B47DDE-BC6B-4977-B453-3C48C750B1E2}.Debug|ARM.ActiveCfg = Debug|ARM
		{54B47DDE-BC6B-4977-B453-3C48C750B1E2}.Debug|ARM.Build.0 = Debug|ARM
		{54B47DDE-BC6B-4977-B453-3C48C750B1E2}.Debug|ARM.Deploy.0 = Debug|ARM
		{54B47DDE-BC6B-4977-B453-3C48C750B1E2}.Debug|iPhone.ActiveCfg = Debug|Any CPU
		{54B47DDE-BC6B-4977-B453-3C48C750B1E2}.Debug|iPhone.Build.0 = Debug|Any CPU
		{54B47DDE-BC6B-4977-B453-3C48C750B1E2}.Debug|iPhone.Deploy.0 = Debug|Any CPU
		{54B47DDE-BC6B-4977-B453-3C48C750B1E2}.Debug|iPhoneSimulator.ActiveCfg = Debug|Any CPU
		{54B47DDE-BC6B-4977-B453-3C48C750B1E2}.Debug|iPhoneSimulator.Build.0 = Debug|Any CPU
		{54B47DDE-BC6B-4977-B453-3C48C750B1E2}.Debug|iPhoneSimulator.Deploy.0 = Debug|Any CPU
		{54B47DDE-BC6B-4977-B453-3C48C750B1E2}.Debug|x64.ActiveCfg = Debug|x64
		{54B47DDE-BC6B-4977-B453-3C48C750B1E2}.Debug|x64.Build.0 = Debug|x64
		{54B47DDE-BC6B-4977-B453-3C48C750B1E2}.Debug|x64.Deploy.0 = Debug|x64
		{54B47DDE-BC6B-4977-B453-3C48C750B1E2}.Debug|x86.ActiveCfg = Debug|x86
		{54B47DDE-BC6B-4977-B453-3C48C750B1E2}.Debug|x86.Build.0 = Debug|x86
		{54B47DDE-BC6B-4977-B453-3C48C750B1E2}.Debug|x86.Deploy.0 = Debug|x86
		{54B47DDE-BC6B-4977-B453-3C48C750B1E2}.Release|Any CPU.ActiveCfg = Release|Any CPU
		{54B47DDE-BC6B-4977-B453-3C48C750B1E2}.Release|Any CPU.Build.0 = Release|Any CPU
		{54B47DDE-BC6B-4977-B453-3C48C750B1E2}.Release|Any CPU.Deploy.0 = Release|Any CPU
		{54B47DDE-BC6B-4977-B453-3C48C750B1E2}.Release|ARM.ActiveCfg = Release|ARM
		{54B47DDE-BC6B-4977-B453-3C48C750B1E2}.Release|ARM.Build.0 = Release|ARM
		{54B47DDE-BC6B-4977-B453-3C48C750B1E2}.Release|ARM.Deploy.0 = Release|ARM
		{54B47DDE-BC6B-4977-B453-3C48C750B1E2}.Release|iPhone.ActiveCfg = Release|Any CPU
		{54B47DDE-BC6B-4977-B453-3C48C750B1E2}.Release|iPhone.Build.0 = Release|Any CPU
		{54B47DDE-BC6B-4977-B453-3C48C750B1E2}.Release|iPhone.Deploy.0 = Release|Any CPU
		{54B47DDE-BC6B-4977-B453-3C48C750B1E2}.Release|iPhoneSimulator.ActiveCfg = Release|Any CPU
		{54B47DDE-BC6B-4977-B453-3C48C750B1E2}.Release|iPhoneSimulator.Build.0 = Release|Any CPU
		{54B47DDE-BC6B-4977-B453-3C48C750B1E2}.Release|iPhoneSimulator.Deploy.0 = Release|Any CPU
		{54B47DDE-BC6B-4977-B453-3C48C750B1E2}.Release|x64.ActiveCfg = Release|x64
		{54B47DDE-BC6B-4977-B453-3C48C750B1E2}.Release|x64.Build.0 = Release|x64
		{54B47DDE-BC6B-4977-B453-3C48C750B1E2}.Release|x64.Deploy.0 = Release|x64
		{54B47DDE-BC6B-4977-B453-3C48C750B1E2}.Release|x86.ActiveCfg = Release|x86
		{54B47DDE-BC6B-4977-B453-3C48C750B1E2}.Release|x86.Build.0 = Release|x86
		{54B47DDE-BC6B-4977-B453-3C48C750B1E2}.Release|x86.Deploy.0 = Release|x86
		{705C72D7-83DC-4679-8E63-5931BF874747}.Ad-Hoc|Any CPU.ActiveCfg = Release|Any CPU
		{705C72D7-83DC-4679-8E63-5931BF874747}.Ad-Hoc|Any CPU.Build.0 = Release|Any CPU
		{705C72D7-83DC-4679-8E63-5931BF874747}.Ad-Hoc|ARM.ActiveCfg = Release|Any CPU
		{705C72D7-83DC-4679-8E63-5931BF874747}.Ad-Hoc|ARM.Build.0 = Release|Any CPU
		{705C72D7-83DC-4679-8E63-5931BF874747}.Ad-Hoc|iPhone.ActiveCfg = Release|Any CPU
		{705C72D7-83DC-4679-8E63-5931BF874747}.Ad-Hoc|iPhone.Build.0 = Release|Any CPU
		{705C72D7-83DC-4679-8E63-5931BF874747}.Ad-Hoc|iPhoneSimulator.ActiveCfg = Release|Any CPU
		{705C72D7-83DC-4679-8E63-5931BF874747}.Ad-Hoc|iPhoneSimulator.Build.0 = Release|Any CPU
		{705C72D7-83DC-4679-8E63-5931BF874747}.Ad-Hoc|x64.ActiveCfg = Release|Any CPU
		{705C72D7-83DC-4679-8E63-5931BF874747}.Ad-Hoc|x64.Build.0 = Release|Any CPU
		{705C72D7-83DC-4679-8E63-5931BF874747}.Ad-Hoc|x86.ActiveCfg = Release|Any CPU
		{705C72D7-83DC-4679-8E63-5931BF874747}.Ad-Hoc|x86.Build.0 = Release|Any CPU
		{705C72D7-83DC-4679-8E63-5931BF874747}.AppStore|Any CPU.ActiveCfg = Release|Any CPU
		{705C72D7-83DC-4679-8E63-5931BF874747}.AppStore|Any CPU.Build.0 = Release|Any CPU
		{705C72D7-83DC-4679-8E63-5931BF874747}.AppStore|ARM.ActiveCfg = Release|Any CPU
		{705C72D7-83DC-4679-8E63-5931BF874747}.AppStore|ARM.Build.0 = Release|Any CPU
		{705C72D7-83DC-4679-8E63-5931BF874747}.AppStore|iPhone.ActiveCfg = Release|Any CPU
		{705C72D7-83DC-4679-8E63-5931BF874747}.AppStore|iPhone.Build.0 = Release|Any CPU
		{705C72D7-83DC-4679-8E63-5931BF874747}.AppStore|iPhoneSimulator.ActiveCfg = Release|Any CPU
		{705C72D7-83DC-4679-8E63-5931BF874747}.AppStore|iPhoneSimulator.Build.0 = Release|Any CPU
		{705C72D7-83DC-4679-8E63-5931BF874747}.AppStore|x64.ActiveCfg = Release|Any CPU
		{705C72D7-83DC-4679-8E63-5931BF874747}.AppStore|x64.Build.0 = Release|Any CPU
		{705C72D7-83DC-4679-8E63-5931BF874747}.AppStore|x86.ActiveCfg = Release|Any CPU
		{705C72D7-83DC-4679-8E63-5931BF874747}.AppStore|x86.Build.0 = Release|Any CPU
		{705C72D7-83DC-4679-8E63-5931BF874747}.Debug|Any CPU.ActiveCfg = Debug|Any CPU
		{705C72D7-83DC-4679-8E63-5931BF874747}.Debug|Any CPU.Build.0 = Debug|Any CPU
		{705C72D7-83DC-4679-8E63-5931BF874747}.Debug|ARM.ActiveCfg = Debug|Any CPU
		{705C72D7-83DC-4679-8E63-5931BF874747}.Debug|ARM.Build.0 = Debug|Any CPU
		{705C72D7-83DC-4679-8E63-5931BF874747}.Debug|iPhone.ActiveCfg = Debug|Any CPU
		{705C72D7-83DC-4679-8E63-5931BF874747}.Debug|iPhone.Build.0 = Debug|Any CPU
		{705C72D7-83DC-4679-8E63-5931BF874747}.Debug|iPhoneSimulator.ActiveCfg = Debug|Any CPU
		{705C72D7-83DC-4679-8E63-5931BF874747}.Debug|iPhoneSimulator.Build.0 = Debug|Any CPU
		{705C72D7-83DC-4679-8E63-5931BF874747}.Debug|x64.ActiveCfg = Debug|Any CPU
		{705C72D7-83DC-4679-8E63-5931BF874747}.Debug|x64.Build.0 = Debug|Any CPU
		{705C72D7-83DC-4679-8E63-5931BF874747}.Debug|x86.ActiveCfg = Debug|Any CPU
		{705C72D7-83DC-4679-8E63-5931BF874747}.Debug|x86.Build.0 = Debug|Any CPU
		{705C72D7-83DC-4679-8E63-5931BF874747}.Release|Any CPU.ActiveCfg = Release|Any CPU
		{705C72D7-83DC-4679-8E63-5931BF874747}.Release|Any CPU.Build.0 = Release|Any CPU
		{705C72D7-83DC-4679-8E63-5931BF874747}.Release|ARM.ActiveCfg = Release|Any CPU
		{705C72D7-83DC-4679-8E63-5931BF874747}.Release|ARM.Build.0 = Release|Any CPU
		{705C72D7-83DC-4679-8E63-5931BF874747}.Release|iPhone.ActiveCfg = Release|Any CPU
		{705C72D7-83DC-4679-8E63-5931BF874747}.Release|iPhone.Build.0 = Release|Any CPU
		{705C72D7-83DC-4679-8E63-5931BF874747}.Release|iPhoneSimulator.ActiveCfg = Release|Any CPU
		{705C72D7-83DC-4679-8E63-5931BF874747}.Release|iPhoneSimulator.Build.0 = Release|Any CPU
		{705C72D7-83DC-4679-8E63-5931BF874747}.Release|x64.ActiveCfg = Release|Any CPU
		{705C72D7-83DC-4679-8E63-5931BF874747}.Release|x64.Build.0 = Release|Any CPU
		{705C72D7-83DC-4679-8E63-5931BF874747}.Release|x86.ActiveCfg = Release|Any CPU
		{705C72D7-83DC-4679-8E63-5931BF874747}.Release|x86.Build.0 = Release|Any CPU
	EndGlobalSection
	GlobalSection(SolutionProperties) = preSolution
		HideSolutionNode = FALSE
	EndGlobalSection
EndGlobal
